
Microsoft Visual Studio Solution File, Format Version 12.00
# Visual Studio Version 17
VisualStudioVersion = 17.9.34607.119
MinimumVisualStudioVersion = 10.0.40219.1
Project("{FAE04EC0-301F-11D3-BF4B-00C04F79EFBC}") = "pr5", "pr5\pr5.csproj", "{DC954C31-39B5-4622-BFDB-0D88DD575410}"
EndProject
Global
	GlobalSection(SolutionConfigurationPlatforms) = preSolution
		Debug|Any CPU = Debug|Any CPU
		Release|Any CPU = Release|Any CPU
	EndGlobalSection
	GlobalSection(ProjectConfigurationPlatforms) = postSolution
		{DC954C31-39B5-4622-BFDB-0D88DD575410}.Debug|Any CPU.ActiveCfg = Debug|Any CPU
		{DC954C31-39B5-4622-BFDB-0D88DD575410}.Debug|Any CPU.Build.0 = Debug|Any CPU
		{DC954C31-39B5-4622-BFDB-0D88DD575410}.Release|Any CPU.ActiveCfg = Release|Any CPU
		{DC954C31-39B5-4622-BFDB-0D88DD575410}.Release|Any CPU.Build.0 = Release|Any CPU
	EndGlobalSection
	GlobalSection(SolutionProperties) = preSolution
		HideSolutionNode = FALSE
	EndGlobalSection
	GlobalSection(ExtensibilityGlobals) = postSolution
		SolutionGuid = {DBB5575F-7496-4D1B-9685-8C62B5EF89E4}
	EndGlobalSection
EndGlobal
